
Microsoft Visual Studio Solution File, Format Version 12.00
# Visual Studio Version 16
VisualStudioVersion = 16.0.31019.35
MinimumVisualStudioVersion = 10.0.40219.1
Project("{FAE04EC0-301F-11D3-BF4B-00C04F79EFBC}") = "Web410637285", "Web410637285\Web410637285.csproj", "{4A5AF72F-B65D-4BCC-878F-B7C898F18E85}"
EndProject
Global
	GlobalSection(SolutionConfigurationPlatforms) = preSolution
		Debug|Any CPU = Debug|Any CPU
		Release|Any CPU = Release|Any CPU
	EndGlobalSection
	GlobalSection(ProjectConfigurationPlatforms) = postSolution
		{4A5AF72F-B65D-4BCC-878F-B7C898F18E85}.Debug|Any CPU.ActiveCfg = Debug|Any CPU
		{4A5AF72F-B65D-4BCC-878F-B7C898F18E85}.Debug|Any CPU.Build.0 = Debug|Any CPU
		{4A5AF72F-B65D-4BCC-878F-B7C898F18E85}.Release|Any CPU.ActiveCfg = Release|Any CPU
		{4A5AF72F-B65D-4BCC-878F-B7C898F18E85}.Release|Any CPU.Build.0 = Release|Any CPU
	EndGlobalSection
	GlobalSection(SolutionProperties) = preSolution
		HideSolutionNode = FALSE
	EndGlobalSection
	GlobalSection(ExtensibilityGlobals) = postSolution
		SolutionGuid = {4FA47ACA-2F48-4447-836F-6D4B0169B112}
	EndGlobalSection
EndGlobal
